
Microsoft Visual Studio Solution File, Format Version 12.00
# Visual Studio 15
VisualStudioVersion = 15.0.26430.16
MinimumVisualStudioVersion = 10.0.40219.1
Project("{2150E333-8FDC-42A3-9474-1A3956D46DE8}") = "0-Entidades", "0-Entidades", "{D464C7B1-D2C2-4485-A9A2-BB04A42563A1}"
EndProject
Project("{2150E333-8FDC-42A3-9474-1A3956D46DE8}") = "1-Sistema", "1-Sistema", "{8056C300-7D22-4834-91E7-283AB9CBB2F2}"
EndProject
Project("{2150E333-8FDC-42A3-9474-1A3956D46DE8}") = "1.1 - Camada de Apresentacao", "1.1 - Camada de Apresentacao", "{ACD93D2D-07A3-40AC-9175-5B7E60A33412}"
EndProject
Project("{2150E333-8FDC-42A3-9474-1A3956D46DE8}") = "1.2 - DAL", "1.2 - DAL", "{7F30EA09-4C53-49A0-BAA1-2DC1EF588E02}"
EndProject
Project("{FAE04EC0-301F-11D3-BF4B-00C04F79EFBC}") = "Projeto.Entidades", "Projeto.Entidades\Projeto.Entidades.csproj", "{B3F29F39-F05F-4A7B-8C50-30C0048AC4FC}"
EndProject
Project("{FAE04EC0-301F-11D3-BF4B-00C04F79EFBC}") = "Projeto.DAL", "Projeto.DAL\Projeto.DAL.csproj", "{1B60FA59-752E-4356-B556-94DB097B4550}"
EndProject
Project("{FAE04EC0-301F-11D3-BF4B-00C04F79EFBC}") = "Projeto.WEB", "Projeto.WEB\Projeto.WEB.csproj", "{DFE4DE49-DE20-469D-99EC-279FE977E0C5}"
EndProject
Project("{2150E333-8FDC-42A3-9474-1A3956D46DE8}") = "1.3 - Util", "1.3 - Util", "{95B380A5-C845-46CE-A0AF-324D3F4DB62A}"
EndProject
Project("{FAE04EC0-301F-11D3-BF4B-00C04F79EFBC}") = "Projeto.Util", "Projeto.Util\Projeto.Util.csproj", "{77EAD906-262B-45DE-8588-60D55145FAE3}"
EndProject
Global
	GlobalSection(SolutionConfigurationPlatforms) = preSolution
		Debug|Any CPU = Debug|Any CPU
		Release|Any CPU = Release|Any CPU
	EndGlobalSection
	GlobalSection(ProjectConfigurationPlatforms) = postSolution
		{B3F29F39-F05F-4A7B-8C50-30C0048AC4FC}.Debug|Any CPU.ActiveCfg = Debug|Any CPU
		{B3F29F39-F05F-4A7B-8C50-30C0048AC4FC}.Debug|Any CPU.Build.0 = Debug|Any CPU
		{B3F29F39-F05F-4A7B-8C50-30C0048AC4FC}.Release|Any CPU.ActiveCfg = Release|Any CPU
		{B3F29F39-F05F-4A7B-8C50-30C0048AC4FC}.Release|Any CPU.Build.0 = Release|Any CPU
		{1B60FA59-752E-4356-B556-94DB097B4550}.Debug|Any CPU.ActiveCfg = Debug|Any CPU
		{1B60FA59-752E-4356-B556-94DB097B4550}.Debug|Any CPU.Build.0 = Debug|Any CPU
		{1B60FA59-752E-4356-B556-94DB097B4550}.Release|Any CPU.ActiveCfg = Release|Any CPU
		{1B60FA59-752E-4356-B556-94DB097B4550}.Release|Any CPU.Build.0 = Release|Any CPU
		{DFE4DE49-DE20-469D-99EC-279FE977E0C5}.Debug|Any CPU.ActiveCfg = Debug|Any CPU
		{DFE4DE49-DE20-469D-99EC-279FE977E0C5}.Debug|Any CPU.Build.0 = Debug|Any CPU
		{DFE4DE49-DE20-469D-99EC-279FE977E0C5}.Release|Any CPU.ActiveCfg = Release|Any CPU
		{DFE4DE49-DE20-469D-99EC-279FE977E0C5}.Release|Any CPU.Build.0 = Release|Any CPU
		{77EAD906-262B-45DE-8588-60D55145FAE3}.Debug|Any CPU.ActiveCfg = Debug|Any CPU
		{77EAD906-262B-45DE-8588-60D55145FAE3}.Debug|Any CPU.Build.0 = Debug|Any CPU
		{77EAD906-262B-45DE-8588-60D55145FAE3}.Release|Any CPU.ActiveCfg = Release|Any CPU
		{77EAD906-262B-45DE-8588-60D55145FAE3}.Release|Any CPU.Build.0 = Release|Any CPU
	EndGlobalSection
	GlobalSection(SolutionProperties) = preSolution
		HideSolutionNode = FALSE
	EndGlobalSection
	GlobalSection(NestedProjects) = preSolution
		{ACD93D2D-07A3-40AC-9175-5B7E60A33412} = {8056C300-7D22-4834-91E7-283AB9CBB2F2}
		{7F30EA09-4C53-49A0-BAA1-2DC1EF588E02} = {8056C300-7D22-4834-91E7-283AB9CBB2F2}
		{B3F29F39-F05F-4A7B-8C50-30C0048AC4FC} = {D464C7B1-D2C2-4485-A9A2-BB04A42563A1}
		{1B60FA59-752E-4356-B556-94DB097B4550} = {7F30EA09-4C53-49A0-BAA1-2DC1EF588E02}
		{DFE4DE49-DE20-469D-99EC-279FE977E0C5} = {ACD93D2D-07A3-40AC-9175-5B7E60A33412}
		{95B380A5-C845-46CE-A0AF-324D3F4DB62A} = {8056C300-7D22-4834-91E7-283AB9CBB2F2}
		{77EAD906-262B-45DE-8588-60D55145FAE3} = {95B380A5-C845-46CE-A0AF-324D3F4DB62A}
	EndGlobalSection
EndGlobal
